
Microsoft Visual Studio Solution File, Format Version 12.00
# Visual Studio Version 17
VisualStudioVersion = 17.1.32407.343
MinimumVisualStudioVersion = 10.0.40219.1
Project("{FAE04EC0-301F-11D3-BF4B-00C04F79EFBC}") = "ControlSystem", "ControlSystem\ControlSystem.csproj", "{7E15D1FC-8681-46D4-AD5D-29CC6886E563}"
EndProject
Project("{FAE04EC0-301F-11D3-BF4B-00C04F79EFBC}") = "DataloggingSystem", "DataloggingSystem\DataloggingSystem.csproj", "{72E8AAD4-4EBE-47C7-9678-6FE1D9F74613}"
EndProject
Project("{9A19103F-16F7-4668-BE54-9A1E7A4F7556}") = "AlarmSystem", "AlarmSystem\AlarmSystem.csproj", "{B2761461-AD38-4339-A806-344217572611}"
EndProject
Global
	GlobalSection(SolutionConfigurationPlatforms) = preSolution
		Debug|Any CPU = Debug|Any CPU
		Release|Any CPU = Release|Any CPU
	EndGlobalSection
	GlobalSection(ProjectConfigurationPlatforms) = postSolution
		{7E15D1FC-8681-46D4-AD5D-29CC6886E563}.Debug|Any CPU.ActiveCfg = Debug|Any CPU
		{7E15D1FC-8681-46D4-AD5D-29CC6886E563}.Debug|Any CPU.Build.0 = Debug|Any CPU
		{7E15D1FC-8681-46D4-AD5D-29CC6886E563}.Release|Any CPU.ActiveCfg = Release|Any CPU
		{7E15D1FC-8681-46D4-AD5D-29CC6886E563}.Release|Any CPU.Build.0 = Release|Any CPU
		{72E8AAD4-4EBE-47C7-9678-6FE1D9F74613}.Debug|Any CPU.ActiveCfg = Debug|Any CPU
		{72E8AAD4-4EBE-47C7-9678-6FE1D9F74613}.Debug|Any CPU.Build.0 = Debug|Any CPU
		{72E8AAD4-4EBE-47C7-9678-6FE1D9F74613}.Release|Any CPU.ActiveCfg = Release|Any CPU
		{72E8AAD4-4EBE-47C7-9678-6FE1D9F74613}.Release|Any CPU.Build.0 = Release|Any CPU
		{B2761461-AD38-4339-A806-344217572611}.Debug|Any CPU.ActiveCfg = Debug|Any CPU
		{B2761461-AD38-4339-A806-344217572611}.Debug|Any CPU.Build.0 = Debug|Any CPU
		{B2761461-AD38-4339-A806-344217572611}.Release|Any CPU.ActiveCfg = Release|Any CPU
		{B2761461-AD38-4339-A806-344217572611}.Release|Any CPU.Build.0 = Release|Any CPU
	EndGlobalSection
	GlobalSection(SolutionProperties) = preSolution
		HideSolutionNode = FALSE
	EndGlobalSection
	GlobalSection(ExtensibilityGlobals) = postSolution
		SolutionGuid = {6AA93851-B768-4DF4-BF0C-DAC25FB16EF9}
	EndGlobalSection
EndGlobal
